
Microsoft Visual Studio Solution File, Format Version 12.00
# Visual Studio Version 17
VisualStudioVersion = 17.2.32602.215
MinimumVisualStudioVersion = 10.0.40219.1
Project("{888888A0-9F3D-457C-B088-3A5042F75D52}") = "PaymentReceiptOrganizationAutomation", "PaymentReceiptOrganizationAutomation\PaymentReceiptOrganizationAutomation.pyproj", "{31791854-9A72-4313-BB74-96E99D85EFE0}"
EndProject
Global
	GlobalSection(SolutionConfigurationPlatforms) = preSolution
		Debug|Any CPU = Debug|Any CPU
		Release|Any CPU = Release|Any CPU
	EndGlobalSection
	GlobalSection(ProjectConfigurationPlatforms) = postSolution
		{31791854-9A72-4313-BB74-96E99D85EFE0}.Debug|Any CPU.ActiveCfg = Debug|Any CPU
		{31791854-9A72-4313-BB74-96E99D85EFE0}.Release|Any CPU.ActiveCfg = Release|Any CPU
	EndGlobalSection
	GlobalSection(SolutionProperties) = preSolution
		HideSolutionNode = FALSE
	EndGlobalSection
	GlobalSection(ExtensibilityGlobals) = postSolution
		SolutionGuid = {588C7D9D-BFA6-4535-9681-B6B4C206F863}
	EndGlobalSection
EndGlobal
